// !$*UTF8*$!
{
	archiveVersion = 1;
	classes = {
	};
	objectVersion = 50;
	objects = {

/* Begin PBXBuildFile section */
		4B2C4FB125A0E09300891773 /* adventure_videogame.mp3 in Resources */ = {isa = PBXBuildFile; fileRef = 4B2C4FB025A0E09300891773 /* adventure_videogame.mp3 */; };
		4B2C4FB225A0E09300891773 /* adventure_videogame.mp3 in Resources */ = {isa = PBXBuildFile; fileRef = 4B2C4FB025A0E09300891773 /* adventure_videogame.mp3 */; };
		4B2C4FB625A0E0A700891773 /* knife.mp3 in Resources */ = {isa = PBXBuildFile; fileRef = 4B2C4FB525A0E0A700891773 /* knife.mp3 */; };
		4B2C4FB725A0E0A700891773 /* knife.mp3 in Resources */ = {isa = PBXBuildFile; fileRef = 4B2C4FB525A0E0A700891773 /* knife.mp3 */; };
		4B2C4FC425A0E14000891773 /* groan3.mp3 in Resources */ = {isa = PBXBuildFile; fileRef = 4B2C4FBA25A0E14000891773 /* groan3.mp3 */; };
		4B2C4FC525A0E14000891773 /* groan3.mp3 in Resources */ = {isa = PBXBuildFile; fileRef = 4B2C4FBA25A0E14000891773 /* groan3.mp3 */; };
		4B2C4FC625A0E14000891773 /* groan4.mp3 in Resources */ = {isa = PBXBuildFile; fileRef = 4B2C4FBB25A0E14000891773 /* groan4.mp3 */; };
		4B2C4FC725A0E14000891773 /* groan4.mp3 in Resources */ = {isa = PBXBuildFile; fileRef = 4B2C4FBB25A0E14000891773 /* groan4.mp3 */; };
		4B2C4FC825A0E14000891773 /* dying5.mp3 in Resources */ = {isa = PBXBuildFile; fileRef = 4B2C4FBC25A0E14000891773 /* dying5.mp3 */; };
		4B2C4FC925A0E14000891773 /* dying5.mp3 in Resources */ = {isa = PBXBuildFile; fileRef = 4B2C4FBC25A0E14000891773 /* dying5.mp3 */; };
		4B2C4FCA25A0E14000891773 /* dying3.mp3 in Resources */ = {isa = PBXBuildFile; fileRef = 4B2C4FBD25A0E14000891773 /* dying3.mp3 */; };
		4B2C4FCB25A0E14000891773 /* dying3.mp3 in Resources */ = {isa = PBXBuildFile; fileRef = 4B2C4FBD25A0E14000891773 /* dying3.mp3 */; };
		4B2C4FCC25A0E14000891773 /* dying4.mp3 in Resources */ = {isa = PBXBuildFile; fileRef = 4B2C4FBE25A0E14000891773 /* dying4.mp3 */; };
		4B2C4FCD25A0E14000891773 /* dying4.mp3 in Resources */ = {isa = PBXBuildFile; fileRef = 4B2C4FBE25A0E14000891773 /* dying4.mp3 */; };
		4B2C4FCE25A0E14000891773 /* groan1.mp3 in Resources */ = {isa = PBXBuildFile; fileRef = 4B2C4FBF25A0E14000891773 /* groan1.mp3 */; };
		4B2C4FCF25A0E14000891773 /* groan1.mp3 in Resources */ = {isa = PBXBuildFile; fileRef = 4B2C4FBF25A0E14000891773 /* groan1.mp3 */; };
		4B2C4FD025A0E14000891773 /* groan5.mp3 in Resources */ = {isa = PBXBuildFile; fileRef = 4B2C4FC025A0E14000891773 /* groan5.mp3 */; };
		4B2C4FD125A0E14000891773 /* groan5.mp3 in Resources */ = {isa = PBXBuildFile; fileRef = 4B2C4FC025A0E14000891773 /* groan5.mp3 */; };
		4B2C4FD225A0E14000891773 /* dying1.mp3 in Resources */ = {isa = PBXBuildFile; fileRef = 4B2C4FC125A0E14000891773 /* dying1.mp3 */; };
		4B2C4FD325A0E14000891773 /* dying1.mp3 in Resources */ = {isa = PBXBuildFile; fileRef = 4B2C4FC125A0E14000891773 /* dying1.mp3 */; };
		4B2C4FD425A0E14000891773 /* dying2.mp3 in Resources */ = {isa = PBXBuildFile; fileRef = 4B2C4FC225A0E14000891773 /* dying2.mp3 */; };
		4B2C4FD525A0E14000891773 /* dying2.mp3 in Resources */ = {isa = PBXBuildFile; fileRef = 4B2C4FC225A0E14000891773 /* dying2.mp3 */; };
		4B2C4FD625A0E14000891773 /* groan2.mp3 in Resources */ = {isa = PBXBuildFile; fileRef = 4B2C4FC325A0E14000891773 /* groan2.mp3 */; };
		4B2C4FD725A0E14000891773 /* groan2.mp3 in Resources */ = {isa = PBXBuildFile; fileRef = 4B2C4FC325A0E14000891773 /* groan2.mp3 */; };
		4B2C4FDB25A0E1DD00891773 /* night-forest.mp3 in Resources */ = {isa = PBXBuildFile; fileRef = 4B2C4FDA25A0E1DD00891773 /* night-forest.mp3 */; };
		4B2C4FDC25A0E1DD00891773 /* night-forest.mp3 in Resources */ = {isa = PBXBuildFile; fileRef = 4B2C4FDA25A0E1DD00891773 /* night-forest.mp3 */; };
		4BAE66F42597AAD100DCB4B1 /* AppDelegate.swift in Sources */ = {isa = PBXBuildFile; fileRef = 4BAE66F32597AAD100DCB4B1 /* AppDelegate.swift */; };
		4BAE66F62597AAD100DCB4B1 /* GameViewController.swift in Sources */ = {isa = PBXBuildFile; fileRef = 4BAE66F52597AAD100DCB4B1 /* GameViewController.swift */; };
		4BAE66F92597AAD100DCB4B1 /* Main.storyboard in Resources */ = {isa = PBXBuildFile; fileRef = 4BAE66F72597AAD100DCB4B1 /* Main.storyboard */; };
		4BAE66FC2597AAD100DCB4B1 /* LaunchScreen.storyboard in Resources */ = {isa = PBXBuildFile; fileRef = 4BAE66FA2597AAD100DCB4B1 /* LaunchScreen.storyboard */; };
		4BAE67052597AAD100DCB4B1 /* AppDelegate.swift in Sources */ = {isa = PBXBuildFile; fileRef = 4BAE67042597AAD100DCB4B1 /* AppDelegate.swift */; };
		4BAE67072597AAD100DCB4B1 /* GameViewController.swift in Sources */ = {isa = PBXBuildFile; fileRef = 4BAE67062597AAD100DCB4B1 /* GameViewController.swift */; };
		4BAE670A2597AAD100DCB4B1 /* Main.storyboard in Resources */ = {isa = PBXBuildFile; fileRef = 4BAE67082597AAD100DCB4B1 /* Main.storyboard */; };
		4BAE670D2597AAD100DCB4B1 /* Actions.sks in Resources */ = {isa = PBXBuildFile; fileRef = 4BAE66E82597AAD100DCB4B1 /* Actions.sks */; };
		4BAE670E2597AAD100DCB4B1 /* Actions.sks in Resources */ = {isa = PBXBuildFile; fileRef = 4BAE66E82597AAD100DCB4B1 /* Actions.sks */; };
		4BAE670F2597AAD100DCB4B1 /* GameScene.sks in Resources */ = {isa = PBXBuildFile; fileRef = 4BAE66E92597AAD100DCB4B1 /* GameScene.sks */; };
		4BAE67102597AAD100DCB4B1 /* GameScene.sks in Resources */ = {isa = PBXBuildFile; fileRef = 4BAE66E92597AAD100DCB4B1 /* GameScene.sks */; };
		4BAE67112597AAD100DCB4B1 /* GameScene.swift in Sources */ = {isa = PBXBuildFile; fileRef = 4BAE66EA2597AAD100DCB4B1 /* GameScene.swift */; };
		4BAE67122597AAD100DCB4B1 /* GameScene.swift in Sources */ = {isa = PBXBuildFile; fileRef = 4BAE66EA2597AAD100DCB4B1 /* GameScene.swift */; };
		4BAE67132597AAD100DCB4B1 /* Assets.xcassets in Resources */ = {isa = PBXBuildFile; fileRef = 4BAE66EB2597AAD100DCB4B1 /* Assets.xcassets */; };
		4BAE67142597AAD100DCB4B1 /* Assets.xcassets in Resources */ = {isa = PBXBuildFile; fileRef = 4BAE66EB2597AAD100DCB4B1 /* Assets.xcassets */; };
/* End PBXBuildFile section */

/* Begin PBXFileReference section */
		4B2C4FB025A0E09300891773 /* adventure_videogame.mp3 */ = {isa = PBXFileReference; lastKnownFileType = audio.mp3; path = adventure_videogame.mp3; sourceTree = "<group>"; };
		4B2C4FB525A0E0A700891773 /* knife.mp3 */ = {isa = PBXFileReference; lastKnownFileType = audio.mp3; path = knife.mp3; sourceTree = "<group>"; };
		4B2C4FBA25A0E14000891773 /* groan3.mp3 */ = {isa = PBXFileReference; lastKnownFileType = audio.mp3; path = groan3.mp3; sourceTree = "<group>"; };
		4B2C4FBB25A0E14000891773 /* groan4.mp3 */ = {isa = PBXFileReference; lastKnownFileType = audio.mp3; path = groan4.mp3; sourceTree = "<group>"; };
		4B2C4FBC25A0E14000891773 /* dying5.mp3 */ = {isa = PBXFileReference; lastKnownFileType = audio.mp3; path = dying5.mp3; sourceTree = "<group>"; };
		4B2C4FBD25A0E14000891773 /* dying3.mp3 */ = {isa = PBXFileReference; lastKnownFileType = audio.mp3; path = dying3.mp3; sourceTree = "<group>"; };
		4B2C4FBE25A0E14000891773 /* dying4.mp3 */ = {isa = PBXFileReference; lastKnownFileType = audio.mp3; path = dying4.mp3; sourceTree = "<group>"; };
		4B2C4FBF25A0E14000891773 /* groan1.mp3 */ = {isa = PBXFileReference; lastKnownFileType = audio.mp3; path = groan1.mp3; sourceTree = "<group>"; };
		4B2C4FC025A0E14000891773 /* groan5.mp3 */ = {isa = PBXFileReference; lastKnownFileType = audio.mp3; path = groan5.mp3; sourceTree = "<group>"; };
		4B2C4FC125A0E14000891773 /* dying1.mp3 */ = {isa = PBXFileReference; lastKnownFileType = audio.mp3; path = dying1.mp3; sourceTree = "<group>"; };
		4B2C4FC225A0E14000891773 /* dying2.mp3 */ = {isa = PBXFileReference; lastKnownFileType = audio.mp3; path = dying2.mp3; sourceTree = "<group>"; };
		4B2C4FC325A0E14000891773 /* groan2.mp3 */ = {isa = PBXFileReference; lastKnownFileType = audio.mp3; path = groan2.mp3; sourceTree = "<group>"; };
		4B2C4FDA25A0E1DD00891773 /* night-forest.mp3 */ = {isa = PBXFileReference; lastKnownFileType = audio.mp3; path = "night-forest.mp3"; sourceTree = "<group>"; };
		4BAE66E82597AAD100DCB4B1 /* Actions.sks */ = {isa = PBXFileReference; lastKnownFileType = file.sks; path = Actions.sks; sourceTree = "<group>"; };
		4BAE66E92597AAD100DCB4B1 /* GameScene.sks */ = {isa = PBXFileReference; lastKnownFileType = file.sks; path = GameScene.sks; sourceTree = "<group>"; };
		4BAE66EA2597AAD100DCB4B1 /* GameScene.swift */ = {isa = PBXFileReference; lastKnownFileType = sourcecode.swift; path = GameScene.swift; sourceTree = "<group>"; };
		4BAE66EB2597AAD100DCB4B1 /* Assets.xcassets */ = {isa = PBXFileReference; lastKnownFileType = folder.assetcatalog; path = Assets.xcassets; sourceTree = "<group>"; };
		4BAE66F02597AAD100DCB4B1 /* GameTest.app */ = {isa = PBXFileReference; explicitFileType = wrapper.application; includeInIndex = 0; path = GameTest.app; sourceTree = BUILT_PRODUCTS_DIR; };
		4BAE66F32597AAD100DCB4B1 /* AppDelegate.swift */ = {isa = PBXFileReference; lastKnownFileType = sourcecode.swift; path = AppDelegate.swift; sourceTree = "<group>"; };
		4BAE66F52597AAD100DCB4B1 /* GameViewController.swift */ = {isa = PBXFileReference; lastKnownFileType = sourcecode.swift; path = GameViewController.swift; sourceTree = "<group>"; };
		4BAE66F82597AAD100DCB4B1 /* Base */ = {isa = PBXFileReference; lastKnownFileType = file.storyboard; name = Base; path = Base.lproj/Main.storyboard; sourceTree = "<group>"; };
		4BAE66FB2597AAD100DCB4B1 /* Base */ = {isa = PBXFileReference; lastKnownFileType = file.storyboard; name = Base; path = Base.lproj/LaunchScreen.storyboard; sourceTree = "<group>"; };
		4BAE66FD2597AAD100DCB4B1 /* Info.plist */ = {isa = PBXFileReference; lastKnownFileType = text.plist.xml; path = Info.plist; sourceTree = "<group>"; };
		4BAE67022597AAD100DCB4B1 /* GameTest.app */ = {isa = PBXFileReference; explicitFileType = wrapper.application; includeInIndex = 0; path = GameTest.app; sourceTree = BUILT_PRODUCTS_DIR; };
		4BAE67042597AAD100DCB4B1 /* AppDelegate.swift */ = {isa = PBXFileReference; lastKnownFileType = sourcecode.swift; path = AppDelegate.swift; sourceTree = "<group>"; };
		4BAE67062597AAD100DCB4B1 /* GameViewController.swift */ = {isa = PBXFileReference; lastKnownFileType = sourcecode.swift; path = GameViewController.swift; sourceTree = "<group>"; };
		4BAE67092597AAD100DCB4B1 /* Base */ = {isa = PBXFileReference; lastKnownFileType = file.storyboard; name = Base; path = Base.lproj/Main.storyboard; sourceTree = "<group>"; };
		4BAE670B2597AAD100DCB4B1 /* Info.plist */ = {isa = PBXFileReference; lastKnownFileType = text.plist.xml; path = Info.plist; sourceTree = "<group>"; };
		4BAE670C2597AAD100DCB4B1 /* GameTest_macOS.entitlements */ = {isa = PBXFileReference; lastKnownFileType = text.plist.entitlements; path = GameTest_macOS.entitlements; sourceTree = "<group>"; };
/* End PBXFileReference section */

/* Begin PBXFrameworksBuildPhase section */
		4BAE66ED2597AAD100DCB4B1 /* Frameworks */ = {
			isa = PBXFrameworksBuildPhase;
			buildActionMask = 2147483647;
			files = (
			);
			runOnlyForDeploymentPostprocessing = 0;
		};
		4BAE66FF2597AAD100DCB4B1 /* Frameworks */ = {
			isa = PBXFrameworksBuildPhase;
			buildActionMask = 2147483647;
			files = (
			);
			runOnlyForDeploymentPostprocessing = 0;
		};
/* End PBXFrameworksBuildPhase section */

/* Begin PBXGroup section */
		4B2C4FAF25A0E06900891773 /* M+E */ = {
			isa = PBXGroup;
			children = (
				4B2C4FDA25A0E1DD00891773 /* night-forest.mp3 */,
				4B2C4FB025A0E09300891773 /* adventure_videogame.mp3 */,
				4B2C4FB525A0E0A700891773 /* knife.mp3 */,
				4B2C4FC125A0E14000891773 /* dying1.mp3 */,
				4B2C4FC225A0E14000891773 /* dying2.mp3 */,
				4B2C4FBD25A0E14000891773 /* dying3.mp3 */,
				4B2C4FBE25A0E14000891773 /* dying4.mp3 */,
				4B2C4FBC25A0E14000891773 /* dying5.mp3 */,
				4B2C4FBF25A0E14000891773 /* groan1.mp3 */,
				4B2C4FC325A0E14000891773 /* groan2.mp3 */,
				4B2C4FBA25A0E14000891773 /* groan3.mp3 */,
				4B2C4FBB25A0E14000891773 /* groan4.mp3 */,
				4B2C4FC025A0E14000891773 /* groan5.mp3 */,
			);
			name = "M+E";
			sourceTree = "<group>";
		};
		4BAE66E22597AAD100DCB4B1 = {
			isa = PBXGroup;
			children = (
				4BAE66E72597AAD100DCB4B1 /* GameTest Shared */,
				4BAE66F22597AAD100DCB4B1 /* GameTest iOS */,
				4BAE67032597AAD100DCB4B1 /* GameTest macOS */,
				4BAE66F12597AAD100DCB4B1 /* Products */,
			);
			sourceTree = "<group>";
		};
		4BAE66E72597AAD100DCB4B1 /* GameTest Shared */ = {
			isa = PBXGroup;
			children = (
				4BAE66E82597AAD100DCB4B1 /* Actions.sks */,
				4BAE66E92597AAD100DCB4B1 /* GameScene.sks */,
				4BAE66EA2597AAD100DCB4B1 /* GameScene.swift */,
				4B2C4FAF25A0E06900891773 /* M+E */,
				4BAE66EB2597AAD100DCB4B1 /* Assets.xcassets */,
			);
			path = "GameTest Shared";
			sourceTree = "<group>";
		};
		4BAE66F12597AAD100DCB4B1 /* Products */ = {
			isa = PBXGroup;
			children = (
				4BAE66F02597AAD100DCB4B1 /* GameTest.app */,
				4BAE67022597AAD100DCB4B1 /* GameTest.app */,
			);
			name = Products;
			sourceTree = "<group>";
		};
		4BAE66F22597AAD100DCB4B1 /* GameTest iOS */ = {
			isa = PBXGroup;
			children = (
				4BAE66F32597AAD100DCB4B1 /* AppDelegate.swift */,
				4BAE66F52597AAD100DCB4B1 /* GameViewController.swift */,
				4BAE66F72597AAD100DCB4B1 /* Main.storyboard */,
				4BAE66FA2597AAD100DCB4B1 /* LaunchScreen.storyboard */,
				4BAE66FD2597AAD100DCB4B1 /* Info.plist */,
			);
			path = "GameTest iOS";
			sourceTree = "<group>";
		};
		4BAE67032597AAD100DCB4B1 /* GameTest macOS */ = {
			isa = PBXGroup;
			children = (
				4BAE67042597AAD100DCB4B1 /* AppDelegate.swift */,
				4BAE67062597AAD100DCB4B1 /* GameViewController.swift */,
				4BAE67082597AAD100DCB4B1 /* Main.storyboard */,
				4BAE670B2597AAD100DCB4B1 /* Info.plist */,
				4BAE670C2597AAD100DCB4B1 /* GameTest_macOS.entitlements */,
			);
			path = "GameTest macOS";
			sourceTree = "<group>";
		};
/* End PBXGroup section */

/* Begin PBXNativeTarget section */
		4BAE66EF2597AAD100DCB4B1 /* GameTest iOS */ = {
			isa = PBXNativeTarget;
			buildConfigurationList = 4BAE67172597AAD100DCB4B1 /* Build configuration list for PBXNativeTarget "GameTest iOS" */;
			buildPhases = (
				4BAE66EC2597AAD100DCB4B1 /* Sources */,
				4BAE66ED2597AAD100DCB4B1 /* Frameworks */,
				4BAE66EE2597AAD100DCB4B1 /* Resources */,
			);
			buildRules = (
			);
			dependencies = (
			);
			name = "GameTest iOS";
			productName = "GameTest iOS";
			productReference = 4BAE66F02597AAD100DCB4B1 /* GameTest.app */;
			productType = "com.apple.product-type.application";
		};
		4BAE67012597AAD100DCB4B1 /* GameTest macOS */ = {
			isa = PBXNativeTarget;
			buildConfigurationList = 4BAE671A2597AAD100DCB4B1 /* Build configuration list for PBXNativeTarget "GameTest macOS" */;
			buildPhases = (
				4BAE66FE2597AAD100DCB4B1 /* Sources */,
				4BAE66FF2597AAD100DCB4B1 /* Frameworks */,
				4BAE67002597AAD100DCB4B1 /* Resources */,
			);
			buildRules = (
			);
			dependencies = (
			);
			name = "GameTest macOS";
			productName = "GameTest macOS";
			productReference = 4BAE67022597AAD100DCB4B1 /* GameTest.app */;
			productType = "com.apple.product-type.application";
		};
/* End PBXNativeTarget section */

/* Begin PBXProject section */
		4BAE66E32597AAD100DCB4B1 /* Project object */ = {
			isa = PBXProject;
			attributes = {
				LastSwiftUpdateCheck = 1230;
				LastUpgradeCheck = 1230;
				TargetAttributes = {
					4BAE66EF2597AAD100DCB4B1 = {
						CreatedOnToolsVersion = 12.3;
					};
					4BAE67012597AAD100DCB4B1 = {
						CreatedOnToolsVersion = 12.3;
					};
				};
			};
			buildConfigurationList = 4BAE66E62597AAD100DCB4B1 /* Build configuration list for PBXProject "GameTest" */;
			compatibilityVersion = "Xcode 9.3";
			developmentRegion = en;
			hasScannedForEncodings = 0;
			knownRegions = (
				en,
				Base,
			);
			mainGroup = 4BAE66E22597AAD100DCB4B1;
			productRefGroup = 4BAE66F12597AAD100DCB4B1 /* Products */;
			projectDirPath = "";
			projectRoot = "";
			targets = (
				4BAE66EF2597AAD100DCB4B1 /* GameTest iOS */,
				4BAE67012597AAD100DCB4B1 /* GameTest macOS */,
			);
		};
/* End PBXProject section */

/* Begin PBXResourcesBuildPhase section */
		4BAE66EE2597AAD100DCB4B1 /* Resources */ = {
			isa = PBXResourcesBuildPhase;
			buildActionMask = 2147483647;
			files = (
				4BAE670F2597AAD100DCB4B1 /* GameScene.sks in Resources */,
				4BAE66F92597AAD100DCB4B1 /* Main.storyboard in Resources */,
				4B2C4FC425A0E14000891773 /* groan3.mp3 in Resources */,
				4B2C4FCC25A0E14000891773 /* dying4.mp3 in Resources */,
				4B2C4FCA25A0E14000891773 /* dying3.mp3 in Resources */,
				4B2C4FD425A0E14000891773 /* dying2.mp3 in Resources */,
				4B2C4FC625A0E14000891773 /* groan4.mp3 in Resources */,
				4B2C4FD625A0E14000891773 /* groan2.mp3 in Resources */,
				4B2C4FD225A0E14000891773 /* dying1.mp3 in Resources */,
				4B2C4FB625A0E0A700891773 /* knife.mp3 in Resources */,
				4BAE670D2597AAD100DCB4B1 /* Actions.sks in Resources */,
				4B2C4FC825A0E14000891773 /* dying5.mp3 in Resources */,
				4BAE66FC2597AAD100DCB4B1 /* LaunchScreen.storyboard in Resources */,
				4B2C4FD025A0E14000891773 /* groan5.mp3 in Resources */,
				4B2C4FDB25A0E1DD00891773 /* night-forest.mp3 in Resources */,
				4B2C4FCE25A0E14000891773 /* groan1.mp3 in Resources */,
				4BAE67132597AAD100DCB4B1 /* Assets.xcassets in Resources */,
				4B2C4FB125A0E09300891773 /* adventure_videogame.mp3 in Resources */,
			);
			runOnlyForDeploymentPostprocessing = 0;
		};
		4BAE67002597AAD100DCB4B1 /* Resources */ = {
			isa = PBXResourcesBuildPhase;
			buildActionMask = 2147483647;
			files = (
				4B2C4FD325A0E14000891773 /* dying1.mp3 in Resources */,
				4B2C4FD725A0E14000891773 /* groan2.mp3 in Resources */,
				4B2C4FDC25A0E1DD00891773 /* night-forest.mp3 in Resources */,
				4B2C4FCF25A0E14000891773 /* groan1.mp3 in Resources */,
				4BAE670A2597AAD100DCB4B1 /* Main.storyboard in Resources */,
				4B2C4FB225A0E09300891773 /* adventure_videogame.mp3 in Resources */,
				4B2C4FC925A0E14000891773 /* dying5.mp3 in Resources */,
				4BAE67102597AAD100DCB4B1 /* GameScene.sks in Resources */,
				4B2C4FC725A0E14000891773 /* groan4.mp3 in Resources */,
				4BAE67142597AAD100DCB4B1 /* Assets.xcassets in Resources */,
				4B2C4FCB25A0E14000891773 /* dying3.mp3 in Resources */,
				4BAE670E2597AAD100DCB4B1 /* Actions.sks in Resources */,
				4B2C4FC525A0E14000891773 /* groan3.mp3 in Resources */,
				4B2C4FD525A0E14000891773 /* dying2.mp3 in Resources */,
				4B2C4FCD25A0E14000891773 /* dying4.mp3 in Resources */,
				4B2C4FB725A0E0A700891773 /* knife.mp3 in Resources */,
				4B2C4FD125A0E14000891773 /* groan5.mp3 in Resources */,
			);
			runOnlyForDeploymentPostprocessing = 0;
		};
/* End PBXResourcesBuildPhase section */

/* Begin PBXSourcesBuildPhase section */
		4BAE66EC2597AAD100DCB4B1 /* Sources */ = {
			isa = PBXSourcesBuildPhase;
			buildActionMask = 2147483647;
			files = (
				4BAE67112597AAD100DCB4B1 /* GameScene.swift in Sources */,
				4BAE66F62597AAD100DCB4B1 /* GameViewController.swift in Sources */,
				4BAE66F42597AAD100DCB4B1 /* AppDelegate.swift in Sources */,
			);
			runOnlyForDeploymentPostprocessing = 0;
		};
		4BAE66FE2597AAD100DCB4B1 /* Sources */ = {
			isa = PBXSourcesBuildPhase;
			buildActionMask = 2147483647;
			files = (
				4BAE67122597AAD100DCB4B1 /* GameScene.swift in Sources */,
				4BAE67072597AAD100DCB4B1 /* GameViewController.swift in Sources */,
				4BAE67052597AAD100DCB4B1 /* AppDelegate.swift in Sources */,
			);
			runOnlyForDeploymentPostprocessing = 0;
		};
/* End PBXSourcesBuildPhase section */

/* Begin PBXVariantGroup section */
		4BAE66F72597AAD100DCB4B1 /* Main.storyboard */ = {
			isa = PBXVariantGroup;
			children = (
				4BAE66F82597AAD100DCB4B1 /* Base */,
			);
			name = Main.storyboard;
			sourceTree = "<group>";
		};
		4BAE66FA2597AAD100DCB4B1 /* LaunchScreen.storyboard */ = {
			isa = PBXVariantGroup;
			children = (
				4BAE66FB2597AAD100DCB4B1 /* Base */,
			);
			name = LaunchScreen.storyboard;
			sourceTree = "<group>";
		};
		4BAE67082597AAD100DCB4B1 /* Main.storyboard */ = {
			isa = PBXVariantGroup;
			children = (
				4BAE67092597AAD100DCB4B1 /* Base */,
			);
			name = Main.storyboard;
			sourceTree = "<group>";
		};
/* End PBXVariantGroup section */

/* Begin XCBuildConfiguration section */
		4BAE67152597AAD100DCB4B1 /* Debug */ = {
			isa = XCBuildConfiguration;
			buildSettings = {
				ALWAYS_SEARCH_USER_PATHS = NO;
				CLANG_ANALYZER_NONNULL = YES;
				CLANG_ANALYZER_NUMBER_OBJECT_CONVERSION = YES_AGGRESSIVE;
				CLANG_CXX_LANGUAGE_STANDARD = "gnu++14";
				CLANG_CXX_LIBRARY = "libc++";
				CLANG_ENABLE_MODULES = YES;
				CLANG_ENABLE_OBJC_ARC = YES;
				CLANG_ENABLE_OBJC_WEAK = YES;
				CLANG_WARN_BLOCK_CAPTURE_AUTORELEASING = YES;
				CLANG_WARN_BOOL_CONVERSION = YES;
				CLANG_WARN_COMMA = YES;
				CLANG_WARN_CONSTANT_CONVERSION = YES;
				CLANG_WARN_DEPRECATED_OBJC_IMPLEMENTATIONS = YES;
				CLANG_WARN_DIRECT_OBJC_ISA_USAGE = YES_ERROR;
				CLANG_WARN_DOCUMENTATION_COMMENTS = YES;
				CLANG_WARN_EMPTY_BODY = YES;
				CLANG_WARN_ENUM_CONVERSION = YES;
				CLANG_WARN_INFINITE_RECURSION = YES;
				CLANG_WARN_INT_CONVERSION = YES;
				CLANG_WARN_NON_LITERAL_NULL_CONVERSION = YES;
				CLANG_WARN_OBJC_IMPLICIT_RETAIN_SELF = YES;
				CLANG_WARN_OBJC_LITERAL_CONVERSION = YES;
				CLANG_WARN_OBJC_ROOT_CLASS = YES_ERROR;
				CLANG_WARN_QUOTED_INCLUDE_IN_FRAMEWORK_HEADER = YES;
				CLANG_WARN_RANGE_LOOP_ANALYSIS = YES;
				CLANG_WARN_STRICT_PROTOTYPES = YES;
				CLANG_WARN_SUSPICIOUS_MOVE = YES;
				CLANG_WARN_UNGUARDED_AVAILABILITY = YES_AGGRESSIVE;
				CLANG_WARN_UNREACHABLE_CODE = YES;
				CLANG_WARN__DUPLICATE_METHOD_MATCH = YES;
				COPY_PHASE_STRIP = NO;
				DEBUG_INFORMATION_FORMAT = dwarf;
				ENABLE_STRICT_OBJC_MSGSEND = YES;
				ENABLE_TESTABILITY = YES;
				GCC_C_LANGUAGE_STANDARD = gnu11;
				GCC_DYNAMIC_NO_PIC = NO;
				GCC_NO_COMMON_BLOCKS = YES;
				GCC_OPTIMIZATION_LEVEL = 0;
				GCC_PREPROCESSOR_DEFINITIONS = (
					"DEBUG=1",
					"$(inherited)",
				);
				GCC_WARN_64_TO_32_BIT_CONVERSION = YES;
				GCC_WARN_ABOUT_RETURN_TYPE = YES_ERROR;
				GCC_WARN_UNDECLARED_SELECTOR = YES;
				GCC_WARN_UNINITIALIZED_AUTOS = YES_AGGRESSIVE;
				GCC_WARN_UNUSED_FUNCTION = YES;
				GCC_WARN_UNUSED_VARIABLE = YES;
				MTL_ENABLE_DEBUG_INFO = INCLUDE_SOURCE;
				MTL_FAST_MATH = YES;
				ONLY_ACTIVE_ARCH = YES;
				SWIFT_ACTIVE_COMPILATION_CONDITIONS = DEBUG;
				SWIFT_OPTIMIZATION_LEVEL = "-Onone";
			};
			name = Debug;
		};
		4BAE67162597AAD100DCB4B1 /* Release */ = {
			isa = XCBuildConfiguration;
			buildSettings = {
				ALWAYS_SEARCH_USER_PATHS = NO;
				CLANG_ANALYZER_NONNULL = YES;
				CLANG_ANALYZER_NUMBER_OBJECT_CONVERSION = YES_AGGRESSIVE;
				CLANG_CXX_LANGUAGE_STANDARD = "gnu++14";
				CLANG_CXX_LIBRARY = "libc++";
				CLANG_ENABLE_MODULES = YES;
				CLANG_ENABLE_OBJC_ARC = YES;
				CLANG_ENABLE_OBJC_WEAK = YES;
				CLANG_WARN_BLOCK_CAPTURE_AUTORELEASING = YES;
				CLANG_WARN_BOOL_CONVERSION = YES;
				CLANG_WARN_COMMA = YES;
				CLANG_WARN_CONSTANT_CONVERSION = YES;
				CLANG_WARN_DEPRECATED_OBJC_IMPLEMENTATIONS = YES;
				CLANG_WARN_DIRECT_OBJC_ISA_USAGE = YES_ERROR;
				CLANG_WARN_DOCUMENTATION_COMMENTS = YES;
				CLANG_WARN_EMPTY_BODY = YES;
				CLANG_WARN_ENUM_CONVERSION = YES;
				CLANG_WARN_INFINITE_RECURSION = YES;
				CLANG_WARN_INT_CONVERSION = YES;
				CLANG_WARN_NON_LITERAL_NULL_CONVERSION = YES;
				CLANG_WARN_OBJC_IMPLICIT_RETAIN_SELF = YES;
				CLANG_WARN_OBJC_LITERAL_CONVERSION = YES;
				CLANG_WARN_OBJC_ROOT_CLASS = YES_ERROR;
				CLANG_WARN_QUOTED_INCLUDE_IN_FRAMEWORK_HEADER = YES;
				CLANG_WARN_RANGE_LOOP_ANALYSIS = YES;
				CLANG_WARN_STRICT_PROTOTYPES = YES;
				CLANG_WARN_SUSPICIOUS_MOVE = YES;
				CLANG_WARN_UNGUARDED_AVAILABILITY = YES_AGGRESSIVE;
				CLANG_WARN_UNREACHABLE_CODE = YES;
				CLANG_WARN__DUPLICATE_METHOD_MATCH = YES;
				COPY_PHASE_STRIP = NO;
				DEBUG_INFORMATION_FORMAT = "dwarf-with-dsym";
				ENABLE_NS_ASSERTIONS = NO;
				ENABLE_STRICT_OBJC_MSGSEND = YES;
				GCC_C_LANGUAGE_STANDARD = gnu11;
				GCC_NO_COMMON_BLOCKS = YES;
				GCC_WARN_64_TO_32_BIT_CONVERSION = YES;
				GCC_WARN_ABOUT_RETURN_TYPE = YES_ERROR;
				GCC_WARN_UNDECLARED_SELECTOR = YES;
				GCC_WARN_UNINITIALIZED_AUTOS = YES_AGGRESSIVE;
				GCC_WARN_UNUSED_FUNCTION = YES;
				GCC_WARN_UNUSED_VARIABLE = YES;
				MTL_ENABLE_DEBUG_INFO = NO;
				MTL_FAST_MATH = YES;
				SWIFT_COMPILATION_MODE = wholemodule;
				SWIFT_OPTIMIZATION_LEVEL = "-O";
			};
			name = Release;
		};
		4BAE67182597AAD100DCB4B1 /* Debug */ = {
			isa = XCBuildConfiguration;
			buildSettings = {
				ASSETCATALOG_COMPILER_APPICON_NAME = AppIcon;
				ASSETCATALOG_COMPILER_GLOBAL_ACCENT_COLOR_NAME = AccentColor;
				CODE_SIGN_STYLE = Automatic;
				DEVELOPMENT_TEAM = 576T2M2BDH;
				INFOPLIST_FILE = "GameTest iOS/Info.plist";
				IPHONEOS_DEPLOYMENT_TARGET = 14.3;
				LD_RUNPATH_SEARCH_PATHS = (
					"$(inherited)",
					"@executable_path/Frameworks",
				);
				PRODUCT_BUNDLE_IDENTIFIER = com.gabhelstudios.GameTest;
				PRODUCT_NAME = GameTest;
				SDKROOT = iphoneos;
				SWIFT_VERSION = 5.0;
				TARGETED_DEVICE_FAMILY = "1,2";
			};
			name = Debug;
		};
		4BAE67192597AAD100DCB4B1 /* Release */ = {
			isa = XCBuildConfiguration;
			buildSettings = {
				ASSETCATALOG_COMPILER_APPICON_NAME = AppIcon;
				ASSETCATALOG_COMPILER_GLOBAL_ACCENT_COLOR_NAME = AccentColor;
				CODE_SIGN_STYLE = Automatic;
				DEVELOPMENT_TEAM = 576T2M2BDH;
				INFOPLIST_FILE = "GameTest iOS/Info.plist";
				IPHONEOS_DEPLOYMENT_TARGET = 14.3;
				LD_RUNPATH_SEARCH_PATHS = (
					"$(inherited)",
					"@executable_path/Frameworks",
				);
				PRODUCT_BUNDLE_IDENTIFIER = com.gabhelstudios.GameTest;
				PRODUCT_NAME = GameTest;
				SDKROOT = iphoneos;
				SWIFT_VERSION = 5.0;
				TARGETED_DEVICE_FAMILY = "1,2";
				VALIDATE_PRODUCT = YES;
			};
			name = Release;
		};
		4BAE671B2597AAD100DCB4B1 /* Debug */ = {
			isa = XCBuildConfiguration;
			buildSettings = {
				ASSETCATALOG_COMPILER_APPICON_NAME = AppIcon;
				ASSETCATALOG_COMPILER_GLOBAL_ACCENT_COLOR_NAME = AccentColor;
				CODE_SIGN_ENTITLEMENTS = "GameTest macOS/GameTest_macOS.entitlements";
				CODE_SIGN_STYLE = Automatic;
				COMBINE_HIDPI_IMAGES = YES;
				DEVELOPMENT_TEAM = 576T2M2BDH;
				ENABLE_HARDENED_RUNTIME = YES;
				INFOPLIST_FILE = "GameTest macOS/Info.plist";
				LD_RUNPATH_SEARCH_PATHS = (
					"$(inherited)",
					"@executable_path/../Frameworks",
				);
				MACOSX_DEPLOYMENT_TARGET = 11.1;
				PRODUCT_BUNDLE_IDENTIFIER = com.gabhelstudios.GameTest;
				PRODUCT_NAME = GameTest;
				SDKROOT = macosx;
				SWIFT_VERSION = 5.0;
			};
			name = Debug;
		};
		4BAE671C2597AAD100DCB4B1 /* Release */ = {
			isa = XCBuildConfiguration;
			buildSettings = {
				ASSETCATALOG_COMPILER_APPICON_NAME = AppIcon;
				ASSETCATALOG_COMPILER_GLOBAL_ACCENT_COLOR_NAME = AccentColor;
				CODE_SIGN_ENTITLEMENTS = "GameTest macOS/GameTest_macOS.entitlements";
				CODE_SIGN_STYLE = Automatic;
				COMBINE_HIDPI_IMAGES = YES;
				DEVELOPMENT_TEAM = 576T2M2BDH;
				ENABLE_HARDENED_RUNTIME = YES;
				INFOPLIST_FILE = "GameTest macOS/Info.plist";
				LD_RUNPATH_SEARCH_PATHS = (
					"$(inherited)",
					"@executable_path/../Frameworks",
				);
				MACOSX_DEPLOYMENT_TARGET = 11.1;
				PRODUCT_BUNDLE_IDENTIFIER = com.gabhelstudios.GameTest;
				PRODUCT_NAME = GameTest;
				SDKROOT = macosx;
				SWIFT_VERSION = 5.0;
			};
			name = Release;
		};
/* End XCBuildConfiguration section */

/* Begin XCConfigurationList section */
		4BAE66E62597AAD100DCB4B1 /* Build configuration list for PBXProject "GameTest" */ = {
			isa = XCConfigurationList;
			buildConfigurations = (
				4BAE67152597AAD100DCB4B1 /* Debug */,
				4BAE67162597AAD100DCB4B1 /* Release */,
			);
			defaultConfigurationIsVisible = 0;
			defaultConfigurationName = Release;
		};
		4BAE67172597AAD100DCB4B1 /* Build configuration list for PBXNativeTarget "GameTest iOS" */ = {
			isa = XCConfigurationList;
			buildConfigurations = (
				4BAE67182597AAD100DCB4B1 /* Debug */,
				4BAE67192597AAD100DCB4B1 /* Release */,
			);
			defaultConfigurationIsVisible = 0;
			defaultConfigurationName = Release;
		};
		4BAE671A2597AAD100DCB4B1 /* Build configuration list for PBXNativeTarget "GameTest macOS" */ = {
			isa = XCConfigurationList;
			buildConfigurations = (
				4BAE671B2597AAD100DCB4B1 /* Debug */,
				4BAE671C2597AAD100DCB4B1 /* Release */,
			);
			defaultConfigurationIsVisible = 0;
			defaultConfigurationName = Release;
		};
/* End XCConfigurationList section */
	};
	rootObject = 4BAE66E32597AAD100DCB4B1 /* Project object */;
}
